// !$*UTF8*$!
{
	archiveVersion = 1;
	classes = {
	};
	objectVersion = 50;
	objects = {

/* Begin PBXBuildFile section */
		8CC39CE0BD86E77B43E0AEDD /* Pods_BetteReddit.framework in Frameworks */ = {isa = PBXBuildFile; fileRef = DE27BAEEF85C051B33FEE417 /* Pods_BetteReddit.framework */; };
		FA08A276219B8E7100E49E71 /* BRSourceListItem.m in Sources */ = {isa = PBXBuildFile; fileRef = FA08A275219B8E7100E49E71 /* BRSourceListItem.m */; };
		FA08A278219BB65E00E49E71 /* config.plist in Resources */ = {isa = PBXBuildFile; fileRef = FA08A277219BB65E00E49E71 /* config.plist */; };
		FA08A27B219BC36500E49E71 /* BRPost.m in Sources */ = {isa = PBXBuildFile; fileRef = FA08A27A219BC36500E49E71 /* BRPost.m */; };
		FA0C4A74219C68180022FEA2 /* BRComment.m in Sources */ = {isa = PBXBuildFile; fileRef = FA0C4A73219C68180022FEA2 /* BRComment.m */; };
		FA8F394F20BB759C007CAC55 /* AppDelegate.m in Sources */ = {isa = PBXBuildFile; fileRef = FA8F394E20BB759C007CAC55 /* AppDelegate.m */; };
		FA8F395520BB759C007CAC55 /* BetteReddit.xcdatamodeld in Sources */ = {isa = PBXBuildFile; fileRef = FA8F395320BB759C007CAC55 /* BetteReddit.xcdatamodeld */; };
		FA8F395720BB759E007CAC55 /* Assets.xcassets in Resources */ = {isa = PBXBuildFile; fileRef = FA8F395620BB759E007CAC55 /* Assets.xcassets */; };
		FA8F395A20BB759E007CAC55 /* Main.storyboard in Resources */ = {isa = PBXBuildFile; fileRef = FA8F395820BB759E007CAC55 /* Main.storyboard */; };
		FA8F395D20BB759E007CAC55 /* main.m in Sources */ = {isa = PBXBuildFile; fileRef = FA8F395C20BB759E007CAC55 /* main.m */; };
		FA8F396820BB759E007CAC55 /* BetteRedditTests.m in Sources */ = {isa = PBXBuildFile; fileRef = FA8F396720BB759E007CAC55 /* BetteRedditTests.m */; };
		FA8F397320BB759E007CAC55 /* BetteRedditUITests.m in Sources */ = {isa = PBXBuildFile; fileRef = FA8F397220BB759E007CAC55 /* BetteRedditUITests.m */; };
		FAAC7CC9219C9B7000E9219D /* PostListViewController.m in Sources */ = {isa = PBXBuildFile; fileRef = FAAC7CC8219C9B7000E9219D /* PostListViewController.m */; };
		FAAC7CCC219C9BBD00E9219D /* SubredditListViewController.m in Sources */ = {isa = PBXBuildFile; fileRef = FAAC7CCB219C9BBD00E9219D /* SubredditListViewController.m */; };
		FAAC7CCF219C9BD100E9219D /* ContentViewController.m in Sources */ = {isa = PBXBuildFile; fileRef = FAAC7CCE219C9BD100E9219D /* ContentViewController.m */; };
		FAAC7CD2219C9C0E00E9219D /* MainSplitViewController.m in Sources */ = {isa = PBXBuildFile; fileRef = FAAC7CD1219C9C0E00E9219D /* MainSplitViewController.m */; };
		FAAC7CD5219C9EFD00E9219D /* SubredditTableCellView.m in Sources */ = {isa = PBXBuildFile; fileRef = FAAC7CD4219C9EFD00E9219D /* SubredditTableCellView.m */; };
		FAAC7CDB219CA83300E9219D /* PostTableViewCell.m in Sources */ = {isa = PBXBuildFile; fileRef = FAAC7CDA219CA83300E9219D /* PostTableViewCell.m */; };
		FAE23916219B239300C9F683 /* BRSubreddit.m in Sources */ = {isa = PBXBuildFile; fileRef = FAE23914219B239300C9F683 /* BRSubreddit.m */; };
		FAE23917219B239300C9F683 /* BRUser.m in Sources */ = {isa = PBXBuildFile; fileRef = FAE23915219B239300C9F683 /* BRUser.m */; };
		FAE2391A219B239900C9F683 /* BRClient.m in Sources */ = {isa = PBXBuildFile; fileRef = FAE23918219B239900C9F683 /* BRClient.m */; };
		FAE2391D219B245300C9F683 /* MainViewController.m in Sources */ = {isa = PBXBuildFile; fileRef = FAE2391C219B245300C9F683 /* MainViewController.m */; };
		FAEB4B9E219C698500E29E78 /* BROAuthHelper.m in Sources */ = {isa = PBXBuildFile; fileRef = FAEB4B9D219C698500E29E78 /* BROAuthHelper.m */; };
/* End PBXBuildFile section */

/* Begin PBXContainerItemProxy section */
		FA8F396420BB759E007CAC55 /* PBXContainerItemProxy */ = {
			isa = PBXContainerItemProxy;
			containerPortal = FA8F394220BB759C007CAC55 /* Project object */;
			proxyType = 1;
			remoteGlobalIDString = FA8F394920BB759C007CAC55;
			remoteInfo = BetteReddit;
		};
		FA8F396F20BB759E007CAC55 /* PBXContainerItemProxy */ = {
			isa = PBXContainerItemProxy;
			containerPortal = FA8F394220BB759C007CAC55 /* Project object */;
			proxyType = 1;
			remoteGlobalIDString = FA8F394920BB759C007CAC55;
			remoteInfo = BetteReddit;
		};
/* End PBXContainerItemProxy section */

/* Begin PBXFileReference section */
		B1F1C7AE92712433422E2C18 /* Pods-BetteReddit.debug.xcconfig */ = {isa = PBXFileReference; includeInIndex = 1; lastKnownFileType = text.xcconfig; name = "Pods-BetteReddit.debug.xcconfig"; path = "Pods/Target Support Files/Pods-BetteReddit/Pods-BetteReddit.debug.xcconfig"; sourceTree = "<group>"; };
		B45EE7449698409BFF8E89FB /* Pods-BetteReddit.release.xcconfig */ = {isa = PBXFileReference; includeInIndex = 1; lastKnownFileType = text.xcconfig; name = "Pods-BetteReddit.release.xcconfig"; path = "Pods/Target Support Files/Pods-BetteReddit/Pods-BetteReddit.release.xcconfig"; sourceTree = "<group>"; };
		DE27BAEEF85C051B33FEE417 /* Pods_BetteReddit.framework */ = {isa = PBXFileReference; explicitFileType = wrapper.framework; includeInIndex = 0; path = Pods_BetteReddit.framework; sourceTree = BUILT_PRODUCTS_DIR; };
		FA08A274219B8E7100E49E71 /* BRSourceListItem.h */ = {isa = PBXFileReference; lastKnownFileType = sourcecode.c.h; path = BRSourceListItem.h; sourceTree = "<group>"; };
		FA08A275219B8E7100E49E71 /* BRSourceListItem.m */ = {isa = PBXFileReference; lastKnownFileType = sourcecode.c.objc; path = BRSourceListItem.m; sourceTree = "<group>"; };
		FA08A277219BB65E00E49E71 /* config.plist */ = {isa = PBXFileReference; lastKnownFileType = text.plist.xml; path = config.plist; sourceTree = "<group>"; };
		FA08A279219BC36500E49E71 /* BRPost.h */ = {isa = PBXFileReference; lastKnownFileType = sourcecode.c.h; path = BRPost.h; sourceTree = "<group>"; };
		FA08A27A219BC36500E49E71 /* BRPost.m */ = {isa = PBXFileReference; lastKnownFileType = sourcecode.c.objc; path = BRPost.m; sourceTree = "<group>"; };
		FA0C4A72219C68180022FEA2 /* BRComment.h */ = {isa = PBXFileReference; lastKnownFileType = sourcecode.c.h; path = BRComment.h; sourceTree = "<group>"; };
		FA0C4A73219C68180022FEA2 /* BRComment.m */ = {isa = PBXFileReference; lastKnownFileType = sourcecode.c.objc; path = BRComment.m; sourceTree = "<group>"; };
		FA8F394A20BB759C007CAC55 /* BetteReddit.app */ = {isa = PBXFileReference; explicitFileType = wrapper.application; includeInIndex = 0; path = BetteReddit.app; sourceTree = BUILT_PRODUCTS_DIR; };
		FA8F394D20BB759C007CAC55 /* AppDelegate.h */ = {isa = PBXFileReference; lastKnownFileType = sourcecode.c.h; path = AppDelegate.h; sourceTree = "<group>"; };
		FA8F394E20BB759C007CAC55 /* AppDelegate.m */ = {isa = PBXFileReference; lastKnownFileType = sourcecode.c.objc; path = AppDelegate.m; sourceTree = "<group>"; };
		FA8F395420BB759C007CAC55 /* BetteReddit.xcdatamodel */ = {isa = PBXFileReference; lastKnownFileType = wrapper.xcdatamodel; path = BetteReddit.xcdatamodel; sourceTree = "<group>"; };
		FA8F395620BB759E007CAC55 /* Assets.xcassets */ = {isa = PBXFileReference; lastKnownFileType = folder.assetcatalog; path = Assets.xcassets; sourceTree = "<group>"; };
		FA8F395920BB759E007CAC55 /* Base */ = {isa = PBXFileReference; lastKnownFileType = file.storyboard; name = Base; path = Base.lproj/Main.storyboard; sourceTree = "<group>"; };
		FA8F395B20BB759E007CAC55 /* Info.plist */ = {isa = PBXFileReference; lastKnownFileType = text.plist.xml; path = Info.plist; sourceTree = "<group>"; };
		FA8F395C20BB759E007CAC55 /* main.m */ = {isa = PBXFileReference; lastKnownFileType = sourcecode.c.objc; path = main.m; sourceTree = "<group>"; };
		FA8F395E20BB759E007CAC55 /* BetteReddit.entitlements */ = {isa = PBXFileReference; lastKnownFileType = text.plist.entitlements; path = BetteReddit.entitlements; sourceTree = "<group>"; };
		FA8F396320BB759E007CAC55 /* BetteRedditTests.xctest */ = {isa = PBXFileReference; explicitFileType = wrapper.cfbundle; includeInIndex = 0; path = BetteRedditTests.xctest; sourceTree = BUILT_PRODUCTS_DIR; };
		FA8F396720BB759E007CAC55 /* BetteRedditTests.m */ = {isa = PBXFileReference; lastKnownFileType = sourcecode.c.objc; path = BetteRedditTests.m; sourceTree = "<group>"; };
		FA8F396920BB759E007CAC55 /* Info.plist */ = {isa = PBXFileReference; lastKnownFileType = text.plist.xml; path = Info.plist; sourceTree = "<group>"; };
		FA8F396E20BB759E007CAC55 /* BetteRedditUITests.xctest */ = {isa = PBXFileReference; explicitFileType = wrapper.cfbundle; includeInIndex = 0; path = BetteRedditUITests.xctest; sourceTree = BUILT_PRODUCTS_DIR; };
		FA8F397220BB759E007CAC55 /* BetteRedditUITests.m */ = {isa = PBXFileReference; lastKnownFileType = sourcecode.c.objc; path = BetteRedditUITests.m; sourceTree = "<group>"; };
		FA8F397420BB759E007CAC55 /* Info.plist */ = {isa = PBXFileReference; lastKnownFileType = text.plist.xml; path = Info.plist; sourceTree = "<group>"; };
		FAAC7CC7219C9B7000E9219D /* PostListViewController.h */ = {isa = PBXFileReference; lastKnownFileType = sourcecode.c.h; path = PostListViewController.h; sourceTree = "<group>"; };
		FAAC7CC8219C9B7000E9219D /* PostListViewController.m */ = {isa = PBXFileReference; lastKnownFileType = sourcecode.c.objc; path = PostListViewController.m; sourceTree = "<group>"; };
		FAAC7CCA219C9BBD00E9219D /* SubredditListViewController.h */ = {isa = PBXFileReference; lastKnownFileType = sourcecode.c.h; path = SubredditListViewController.h; sourceTree = "<group>"; };
		FAAC7CCB219C9BBD00E9219D /* SubredditListViewController.m */ = {isa = PBXFileReference; lastKnownFileType = sourcecode.c.objc; path = SubredditListViewController.m; sourceTree = "<group>"; };
		FAAC7CCD219C9BD100E9219D /* ContentViewController.h */ = {isa = PBXFileReference; lastKnownFileType = sourcecode.c.h; path = ContentViewController.h; sourceTree = "<group>"; };
		FAAC7CCE219C9BD100E9219D /* ContentViewController.m */ = {isa = PBXFileReference; lastKnownFileType = sourcecode.c.objc; path = ContentViewController.m; sourceTree = "<group>"; };
		FAAC7CD0219C9C0E00E9219D /* MainSplitViewController.h */ = {isa = PBXFileReference; lastKnownFileType = sourcecode.c.h; path = MainSplitViewController.h; sourceTree = "<group>"; };
		FAAC7CD1219C9C0E00E9219D /* MainSplitViewController.m */ = {isa = PBXFileReference; lastKnownFileType = sourcecode.c.objc; path = MainSplitViewController.m; sourceTree = "<group>"; };
		FAAC7CD3219C9EFD00E9219D /* SubredditTableCellView.h */ = {isa = PBXFileReference; lastKnownFileType = sourcecode.c.h; path = SubredditTableCellView.h; sourceTree = "<group>"; };
		FAAC7CD4219C9EFD00E9219D /* SubredditTableCellView.m */ = {isa = PBXFileReference; lastKnownFileType = sourcecode.c.objc; path = SubredditTableCellView.m; sourceTree = "<group>"; };
		FAAC7CD9219CA83300E9219D /* PostTableViewCell.h */ = {isa = PBXFileReference; lastKnownFileType = sourcecode.c.h; path = PostTableViewCell.h; sourceTree = "<group>"; };
		FAAC7CDA219CA83300E9219D /* PostTableViewCell.m */ = {isa = PBXFileReference; lastKnownFileType = sourcecode.c.objc; path = PostTableViewCell.m; sourceTree = "<group>"; };
		FAE23912219B239300C9F683 /* BRUser.h */ = {isa = PBXFileReference; fileEncoding = 4; lastKnownFileType = sourcecode.c.h; path = BRUser.h; sourceTree = "<group>"; };
		FAE23913219B239300C9F683 /* BRSubreddit.h */ = {isa = PBXFileReference; fileEncoding = 4; lastKnownFileType = sourcecode.c.h; path = BRSubreddit.h; sourceTree = "<group>"; };
		FAE23914219B239300C9F683 /* BRSubreddit.m */ = {isa = PBXFileReference; fileEncoding = 4; lastKnownFileType = sourcecode.c.objc; path = BRSubreddit.m; sourceTree = "<group>"; };
		FAE23915219B239300C9F683 /* BRUser.m */ = {isa = PBXFileReference; fileEncoding = 4; lastKnownFileType = sourcecode.c.objc; path = BRUser.m; sourceTree = "<group>"; };
		FAE23918219B239900C9F683 /* BRClient.m */ = {isa = PBXFileReference; fileEncoding = 4; lastKnownFileType = sourcecode.c.objc; path = BRClient.m; sourceTree = "<group>"; };
		FAE23919219B239900C9F683 /* BRClient.h */ = {isa = PBXFileReference; fileEncoding = 4; lastKnownFileType = sourcecode.c.h; path = BRClient.h; sourceTree = "<group>"; };
		FAE2391B219B245300C9F683 /* MainViewController.h */ = {isa = PBXFileReference; lastKnownFileType = sourcecode.c.h; path = MainViewController.h; sourceTree = "<group>"; };
		FAE2391C219B245300C9F683 /* MainViewController.m */ = {isa = PBXFileReference; lastKnownFileType = sourcecode.c.objc; path = MainViewController.m; sourceTree = "<group>"; };
		FAEB4B9C219C698500E29E78 /* BROAuthHelper.h */ = {isa = PBXFileReference; lastKnownFileType = sourcecode.c.h; path = BROAuthHelper.h; sourceTree = "<group>"; };
		FAEB4B9D219C698500E29E78 /* BROAuthHelper.m */ = {isa = PBXFileReference; lastKnownFileType = sourcecode.c.objc; path = BROAuthHelper.m; sourceTree = "<group>"; };
/* End PBXFileReference section */

/* Begin PBXFrameworksBuildPhase section */
		FA8F394720BB759C007CAC55 /* Frameworks */ = {
			isa = PBXFrameworksBuildPhase;
			buildActionMask = 2147483647;
			files = (
				8CC39CE0BD86E77B43E0AEDD /* Pods_BetteReddit.framework in Frameworks */,
			);
			runOnlyForDeploymentPostprocessing = 0;
		};
		FA8F396020BB759E007CAC55 /* Frameworks */ = {
			isa = PBXFrameworksBuildPhase;
			buildActionMask = 2147483647;
			files = (
			);
			runOnlyForDeploymentPostprocessing = 0;
		};
		FA8F396B20BB759E007CAC55 /* Frameworks */ = {
			isa = PBXFrameworksBuildPhase;
			buildActionMask = 2147483647;
			files = (
			);
			runOnlyForDeploymentPostprocessing = 0;
		};
/* End PBXFrameworksBuildPhase section */

/* Begin PBXGroup section */
		53A031A7CCA280589387A174 /* Pods */ = {
			isa = PBXGroup;
			children = (
				B1F1C7AE92712433422E2C18 /* Pods-BetteReddit.debug.xcconfig */,
				B45EE7449698409BFF8E89FB /* Pods-BetteReddit.release.xcconfig */,
			);
			name = Pods;
			sourceTree = "<group>";
		};
		A6DD5767417C2BC1512FDFC2 /* Frameworks */ = {
			isa = PBXGroup;
			children = (
				DE27BAEEF85C051B33FEE417 /* Pods_BetteReddit.framework */,
			);
			name = Frameworks;
			sourceTree = "<group>";
		};
		FA050B8720BC68FE00904041 /* Model */ = {
			isa = PBXGroup;
			children = (
				FA08A273219B8E4A00E49E71 /* CellModel */,
				FAE23912219B239300C9F683 /* BRUser.h */,
				FAE23915219B239300C9F683 /* BRUser.m */,
				FAE23913219B239300C9F683 /* BRSubreddit.h */,
				FAE23914219B239300C9F683 /* BRSubreddit.m */,
				FA08A279219BC36500E49E71 /* BRPost.h */,
				FA08A27A219BC36500E49E71 /* BRPost.m */,
				FA0C4A72219C68180022FEA2 /* BRComment.h */,
				FA0C4A73219C68180022FEA2 /* BRComment.m */,
			);
			path = Model;
			sourceTree = "<group>";
		};
		FA050B8820BC690D00904041 /* View */ = {
			isa = PBXGroup;
			children = (
				FAAC7CD3219C9EFD00E9219D /* SubredditTableCellView.h */,
				FAAC7CD4219C9EFD00E9219D /* SubredditTableCellView.m */,
				FAAC7CD9219CA83300E9219D /* PostTableViewCell.h */,
				FAAC7CDA219CA83300E9219D /* PostTableViewCell.m */,
			);
			path = View;
			sourceTree = "<group>";
		};
		FA050B8920BC691800904041 /* Controller */ = {
			isa = PBXGroup;
			children = (
				FAE2391B219B245300C9F683 /* MainViewController.h */,
				FAE2391C219B245300C9F683 /* MainViewController.m */,
				FAAC7CCA219C9BBD00E9219D /* SubredditListViewController.h */,
				FAAC7CCB219C9BBD00E9219D /* SubredditListViewController.m */,
				FAAC7CC7219C9B7000E9219D /* PostListViewController.h */,
				FAAC7CC8219C9B7000E9219D /* PostListViewController.m */,
				FAAC7CCD219C9BD100E9219D /* ContentViewController.h */,
				FAAC7CCE219C9BD100E9219D /* ContentViewController.m */,
				FAAC7CD0219C9C0E00E9219D /* MainSplitViewController.h */,
				FAAC7CD1219C9C0E00E9219D /* MainSplitViewController.m */,
			);
			path = Controller;
			sourceTree = "<group>";
		};
		FA050B9020BC6B9200904041 /* Application */ = {
			isa = PBXGroup;
			children = (
				FAE23919219B239900C9F683 /* BRClient.h */,
				FAE23918219B239900C9F683 /* BRClient.m */,
				FAEB4B9C219C698500E29E78 /* BROAuthHelper.h */,
				FAEB4B9D219C698500E29E78 /* BROAuthHelper.m */,
			);
			path = Application;
			sourceTree = "<group>";
		};
		FA08A273219B8E4A00E49E71 /* CellModel */ = {
			isa = PBXGroup;
			children = (
				FA08A274219B8E7100E49E71 /* BRSourceListItem.h */,
				FA08A275219B8E7100E49E71 /* BRSourceListItem.m */,
			);
			path = CellModel;
			sourceTree = "<group>";
		};
		FA8F394120BB759C007CAC55 = {
			isa = PBXGroup;
			children = (
				FA8F394C20BB759C007CAC55 /* BetteReddit */,
				FA8F396620BB759E007CAC55 /* BetteRedditTests */,
				FA8F397120BB759E007CAC55 /* BetteRedditUITests */,
				FA8F394B20BB759C007CAC55 /* Products */,
				53A031A7CCA280589387A174 /* Pods */,
				A6DD5767417C2BC1512FDFC2 /* Frameworks */,
			);
			sourceTree = "<group>";
		};
		FA8F394B20BB759C007CAC55 /* Products */ = {
			isa = PBXGroup;
			children = (
				FA8F394A20BB759C007CAC55 /* BetteReddit.app */,
				FA8F396320BB759E007CAC55 /* BetteRedditTests.xctest */,
				FA8F396E20BB759E007CAC55 /* BetteRedditUITests.xctest */,
			);
			name = Products;
			sourceTree = "<group>";
		};
		FA8F394C20BB759C007CAC55 /* BetteReddit */ = {
			isa = PBXGroup;
			children = (
				FA050B8820BC690D00904041 /* View */,
				FA050B9020BC6B9200904041 /* Application */,
				FA050B8920BC691800904041 /* Controller */,
				FA050B8720BC68FE00904041 /* Model */,
				FA8F394D20BB759C007CAC55 /* AppDelegate.h */,
				FA8F394E20BB759C007CAC55 /* AppDelegate.m */,
				FA8F395820BB759E007CAC55 /* Main.storyboard */,
				FA8F395620BB759E007CAC55 /* Assets.xcassets */,
				FA8F395B20BB759E007CAC55 /* Info.plist */,
				FA8F395C20BB759E007CAC55 /* main.m */,
				FA8F395E20BB759E007CAC55 /* BetteReddit.entitlements */,
				FA8F395320BB759C007CAC55 /* BetteReddit.xcdatamodeld */,
				FA08A277219BB65E00E49E71 /* config.plist */,
			);
			path = BetteReddit;
			sourceTree = "<group>";
		};
		FA8F396620BB759E007CAC55 /* BetteRedditTests */ = {
			isa = PBXGroup;
			children = (
				FA8F396720BB759E007CAC55 /* BetteRedditTests.m */,
				FA8F396920BB759E007CAC55 /* Info.plist */,
			);
			path = BetteRedditTests;
			sourceTree = "<group>";
		};
		FA8F397120BB759E007CAC55 /* BetteRedditUITests */ = {
			isa = PBXGroup;
			children = (
				FA8F397220BB759E007CAC55 /* BetteRedditUITests.m */,
				FA8F397420BB759E007CAC55 /* Info.plist */,
			);
			path = BetteRedditUITests;
			sourceTree = "<group>";
		};
/* End PBXGroup section */

/* Begin PBXNativeTarget section */
		FA8F394920BB759C007CAC55 /* BetteReddit */ = {
			isa = PBXNativeTarget;
			buildConfigurationList = FA8F397720BB759E007CAC55 /* Build configuration list for PBXNativeTarget "BetteReddit" */;
			buildPhases = (
				EA455881899126D824B80EF6 /* [CP] Check Pods Manifest.lock */,
				FA8F394620BB759C007CAC55 /* Sources */,
				FA8F394720BB759C007CAC55 /* Frameworks */,
				FA8F394820BB759C007CAC55 /* Resources */,
				B1F59E899DAB16233E2E8D5C /* [CP] Embed Pods Frameworks */,
			);
			buildRules = (
			);
			dependencies = (
			);
			name = BetteReddit;
			productName = BetteReddit;
			productReference = FA8F394A20BB759C007CAC55 /* BetteReddit.app */;
			productType = "com.apple.product-type.application";
		};
		FA8F396220BB759E007CAC55 /* BetteRedditTests */ = {
			isa = PBXNativeTarget;
			buildConfigurationList = FA8F397A20BB759E007CAC55 /* Build configuration list for PBXNativeTarget "BetteRedditTests" */;
			buildPhases = (
				FA8F395F20BB759E007CAC55 /* Sources */,
				FA8F396020BB759E007CAC55 /* Frameworks */,
				FA8F396120BB759E007CAC55 /* Resources */,
			);
			buildRules = (
			);
			dependencies = (
				FA8F396520BB759E007CAC55 /* PBXTargetDependency */,
			);
			name = BetteRedditTests;
			productName = BetteRedditTests;
			productReference = FA8F396320BB759E007CAC55 /* BetteRedditTests.xctest */;
			productType = "com.apple.product-type.bundle.unit-test";
		};
		FA8F396D20BB759E007CAC55 /* BetteRedditUITests */ = {
			isa = PBXNativeTarget;
			buildConfigurationList = FA8F397D20BB759E007CAC55 /* Build configuration list for PBXNativeTarget "BetteRedditUITests" */;
			buildPhases = (
				FA8F396A20BB759E007CAC55 /* Sources */,
				FA8F396B20BB759E007CAC55 /* Frameworks */,
				FA8F396C20BB759E007CAC55 /* Resources */,
			);
			buildRules = (
			);
			dependencies = (
				FA8F397020BB759E007CAC55 /* PBXTargetDependency */,
			);
			name = BetteRedditUITests;
			productName = BetteRedditUITests;
			productReference = FA8F396E20BB759E007CAC55 /* BetteRedditUITests.xctest */;
			productType = "com.apple.product-type.bundle.ui-testing";
		};
/* End PBXNativeTarget section */

/* Begin PBXProject section */
		FA8F394220BB759C007CAC55 /* Project object */ = {
			isa = PBXProject;
			attributes = {
				LastUpgradeCheck = 0930;
				ORGANIZATIONNAME = "Alex Taffe";
				TargetAttributes = {
					FA8F394920BB759C007CAC55 = {
						CreatedOnToolsVersion = 9.3.1;
						SystemCapabilities = {
							com.apple.Sandbox = {
								enabled = 1;
							};
						};
					};
					FA8F396220BB759E007CAC55 = {
						CreatedOnToolsVersion = 9.3.1;
						TestTargetID = FA8F394920BB759C007CAC55;
					};
					FA8F396D20BB759E007CAC55 = {
						CreatedOnToolsVersion = 9.3.1;
						TestTargetID = FA8F394920BB759C007CAC55;
					};
				};
			};
			buildConfigurationList = FA8F394520BB759C007CAC55 /* Build configuration list for PBXProject "BetteReddit" */;
			compatibilityVersion = "Xcode 9.3";
			developmentRegion = en;
			hasScannedForEncodings = 0;
			knownRegions = (
				en,
				Base,
			);
			mainGroup = FA8F394120BB759C007CAC55;
			productRefGroup = FA8F394B20BB759C007CAC55 /* Products */;
			projectDirPath = "";
			projectRoot = "";
			targets = (
				FA8F394920BB759C007CAC55 /* BetteReddit */,
				FA8F396220BB759E007CAC55 /* BetteRedditTests */,
				FA8F396D20BB759E007CAC55 /* BetteRedditUITests */,
			);
		};
/* End PBXProject section */

/* Begin PBXResourcesBuildPhase section */
		FA8F394820BB759C007CAC55 /* Resources */ = {
			isa = PBXResourcesBuildPhase;
			buildActionMask = 2147483647;
			files = (
				FA8F395720BB759E007CAC55 /* Assets.xcassets in Resources */,
				FA8F395A20BB759E007CAC55 /* Main.storyboard in Resources */,
				FA08A278219BB65E00E49E71 /* config.plist in Resources */,
			);
			runOnlyForDeploymentPostprocessing = 0;
		};
		FA8F396120BB759E007CAC55 /* Resources */ = {
			isa = PBXResourcesBuildPhase;
			buildActionMask = 2147483647;
			files = (
			);
			runOnlyForDeploymentPostprocessing = 0;
		};
		FA8F396C20BB759E007CAC55 /* Resources */ = {
			isa = PBXResourcesBuildPhase;
			buildActionMask = 2147483647;
			files = (
			);
			runOnlyForDeploymentPostprocessing = 0;
		};
/* End PBXResourcesBuildPhase section */

/* Begin PBXShellScriptBuildPhase section */
		B1F59E899DAB16233E2E8D5C /* [CP] Embed Pods Frameworks */ = {
			isa = PBXShellScriptBuildPhase;
			buildActionMask = 2147483647;
			files = (
			);
			inputPaths = (
				"${SRCROOT}/Pods/Target Support Files/Pods-BetteReddit/Pods-BetteReddit-frameworks.sh",
				"${BUILT_PRODUCTS_DIR}/AFNetworking/AFNetworking.framework",
				"${BUILT_PRODUCTS_DIR}/AppAuth/AppAuth.framework",
				"${BUILT_PRODUCTS_DIR}/PXSourceList/PXSourceList.framework",
				"${BUILT_PRODUCTS_DIR}/SAMKeychain/SAMKeychain.framework",
			);
			name = "[CP] Embed Pods Frameworks";
			outputPaths = (
				"${TARGET_BUILD_DIR}/${FRAMEWORKS_FOLDER_PATH}/AFNetworking.framework",
				"${TARGET_BUILD_DIR}/${FRAMEWORKS_FOLDER_PATH}/AppAuth.framework",
				"${TARGET_BUILD_DIR}/${FRAMEWORKS_FOLDER_PATH}/PXSourceList.framework",
				"${TARGET_BUILD_DIR}/${FRAMEWORKS_FOLDER_PATH}/SAMKeychain.framework",
			);
			runOnlyForDeploymentPostprocessing = 0;
			shellPath = /bin/sh;
			shellScript = "\"${SRCROOT}/Pods/Target Support Files/Pods-BetteReddit/Pods-BetteReddit-frameworks.sh\"\n";
			showEnvVarsInLog = 0;
		};
		EA455881899126D824B80EF6 /* [CP] Check Pods Manifest.lock */ = {
			isa = PBXShellScriptBuildPhase;
			buildActionMask = 2147483647;
			files = (
			);
			inputPaths = (
				"${PODS_PODFILE_DIR_PATH}/Podfile.lock",
				"${PODS_ROOT}/Manifest.lock",
			);
			name = "[CP] Check Pods Manifest.lock";
			outputPaths = (
				"$(DERIVED_FILE_DIR)/Pods-BetteReddit-checkManifestLockResult.txt",
			);
			runOnlyForDeploymentPostprocessing = 0;
			shellPath = /bin/sh;
			shellScript = "diff \"${PODS_PODFILE_DIR_PATH}/Podfile.lock\" \"${PODS_ROOT}/Manifest.lock\" > /dev/null\nif [ $? != 0 ] ; then\n    # print error to STDERR\n    echo \"error: The sandbox is not in sync with the Podfile.lock. Run 'pod install' or update your CocoaPods installation.\" >&2\n    exit 1\nfi\n# This output is used by Xcode 'outputs' to avoid re-running this script phase.\necho \"SUCCESS\" > \"${SCRIPT_OUTPUT_FILE_0}\"\n";
			showEnvVarsInLog = 0;
		};
/* End PBXShellScriptBuildPhase section */

/* Begin PBXSourcesBuildPhase section */
		FA8F394620BB759C007CAC55 /* Sources */ = {
			isa = PBXSourcesBuildPhase;
			buildActionMask = 2147483647;
			files = (
				FA8F395520BB759C007CAC55 /* BetteReddit.xcdatamodeld in Sources */,
				FA8F395D20BB759E007CAC55 /* main.m in Sources */,
				FAE23916219B239300C9F683 /* BRSubreddit.m in Sources */,
				FAE23917219B239300C9F683 /* BRUser.m in Sources */,
				FAEB4B9E219C698500E29E78 /* BROAuthHelper.m in Sources */,
				FAE2391D219B245300C9F683 /* MainViewController.m in Sources */,
				FA08A276219B8E7100E49E71 /* BRSourceListItem.m in Sources */,
				FAE2391A219B239900C9F683 /* BRClient.m in Sources */,
				FAAC7CDB219CA83300E9219D /* PostTableViewCell.m in Sources */,
				FAAC7CCF219C9BD100E9219D /* ContentViewController.m in Sources */,
				FAAC7CC9219C9B7000E9219D /* PostListViewController.m in Sources */,
				FAAC7CCC219C9BBD00E9219D /* SubredditListViewController.m in Sources */,
				FA08A27B219BC36500E49E71 /* BRPost.m in Sources */,
				FAAC7CD5219C9EFD00E9219D /* SubredditTableCellView.m in Sources */,
				FA8F394F20BB759C007CAC55 /* AppDelegate.m in Sources */,
				FAAC7CD2219C9C0E00E9219D /* MainSplitViewController.m in Sources */,
				FA0C4A74219C68180022FEA2 /* BRComment.m in Sources */,
			);
			runOnlyForDeploymentPostprocessing = 0;
		};
		FA8F395F20BB759E007CAC55 /* Sources */ = {
			isa = PBXSourcesBuildPhase;
			buildActionMask = 2147483647;
			files = (
				FA8F396820BB759E007CAC55 /* BetteRedditTests.m in Sources */,
			);
			runOnlyForDeploymentPostprocessing = 0;
		};
		FA8F396A20BB759E007CAC55 /* Sources */ = {
			isa = PBXSourcesBuildPhase;
			buildActionMask = 2147483647;
			files = (
				FA8F397320BB759E007CAC55 /* BetteRedditUITests.m in Sources */,
			);
			runOnlyForDeploymentPostprocessing = 0;
		};
/* End PBXSourcesBuildPhase section */

/* Begin PBXTargetDependency section */
		FA8F396520BB759E007CAC55 /* PBXTargetDependency */ = {
			isa = PBXTargetDependency;
			target = FA8F394920BB759C007CAC55 /* BetteReddit */;
			targetProxy = FA8F396420BB759E007CAC55 /* PBXContainerItemProxy */;
		};
		FA8F397020BB759E007CAC55 /* PBXTargetDependency */ = {
			isa = PBXTargetDependency;
			target = FA8F394920BB759C007CAC55 /* BetteReddit */;
			targetProxy = FA8F396F20BB759E007CAC55 /* PBXContainerItemProxy */;
		};
/* End PBXTargetDependency section */

/* Begin PBXVariantGroup section */
		FA8F395820BB759E007CAC55 /* Main.storyboard */ = {
			isa = PBXVariantGroup;
			children = (
				FA8F395920BB759E007CAC55 /* Base */,
			);
			name = Main.storyboard;
			sourceTree = "<group>";
		};
/* End PBXVariantGroup section */

/* Begin XCBuildConfiguration section */
		FA8F397520BB759E007CAC55 /* Debug */ = {
			isa = XCBuildConfiguration;
			buildSettings = {
				ALWAYS_SEARCH_USER_PATHS = NO;
				CLANG_ANALYZER_NONNULL = YES;
				CLANG_ANALYZER_NUMBER_OBJECT_CONVERSION = YES_AGGRESSIVE;
				CLANG_CXX_LANGUAGE_STANDARD = "gnu++14";
				CLANG_CXX_LIBRARY = "libc++";
				CLANG_ENABLE_MODULES = YES;
				CLANG_ENABLE_OBJC_ARC = YES;
				CLANG_ENABLE_OBJC_WEAK = YES;
				CLANG_WARN_BLOCK_CAPTURE_AUTORELEASING = YES;
				CLANG_WARN_BOOL_CONVERSION = YES;
				CLANG_WARN_COMMA = YES;
				CLANG_WARN_CONSTANT_CONVERSION = YES;
				CLANG_WARN_DEPRECATED_OBJC_IMPLEMENTATIONS = YES;
				CLANG_WARN_DIRECT_OBJC_ISA_USAGE = YES_ERROR;
				CLANG_WARN_DOCUMENTATION_COMMENTS = YES;
				CLANG_WARN_EMPTY_BODY = YES;
				CLANG_WARN_ENUM_CONVERSION = YES;
				CLANG_WARN_INFINITE_RECURSION = YES;
				CLANG_WARN_INT_CONVERSION = YES;
				CLANG_WARN_NON_LITERAL_NULL_CONVERSION = YES;
				CLANG_WARN_OBJC_IMPLICIT_RETAIN_SELF = YES;
				CLANG_WARN_OBJC_LITERAL_CONVERSION = YES;
				CLANG_WARN_OBJC_ROOT_CLASS = YES_ERROR;
				CLANG_WARN_RANGE_LOOP_ANALYSIS = YES;
				CLANG_WARN_STRICT_PROTOTYPES = YES;
				CLANG_WARN_SUSPICIOUS_MOVE = YES;
				CLANG_WARN_UNGUARDED_AVAILABILITY = YES_AGGRESSIVE;
				CLANG_WARN_UNREACHABLE_CODE = YES;
				CLANG_WARN__DUPLICATE_METHOD_MATCH = YES;
				CODE_SIGN_IDENTITY = "-";
				COPY_PHASE_STRIP = NO;
				DEBUG_INFORMATION_FORMAT = dwarf;
				ENABLE_STRICT_OBJC_MSGSEND = YES;
				ENABLE_TESTABILITY = YES;
				GCC_C_LANGUAGE_STANDARD = gnu11;
				GCC_DYNAMIC_NO_PIC = NO;
				GCC_NO_COMMON_BLOCKS = YES;
				GCC_OPTIMIZATION_LEVEL = 0;
				GCC_PREPROCESSOR_DEFINITIONS = (
					"DEBUG=1",
					"$(inherited)",
				);
				GCC_WARN_64_TO_32_BIT_CONVERSION = YES;
				GCC_WARN_ABOUT_RETURN_TYPE = YES_ERROR;
				GCC_WARN_UNDECLARED_SELECTOR = YES;
				GCC_WARN_UNINITIALIZED_AUTOS = YES_AGGRESSIVE;
				GCC_WARN_UNUSED_FUNCTION = YES;
				GCC_WARN_UNUSED_VARIABLE = YES;
				MACOSX_DEPLOYMENT_TARGET = 10.13;
				MTL_ENABLE_DEBUG_INFO = YES;
				ONLY_ACTIVE_ARCH = YES;
				SDKROOT = macosx;
			};
			name = Debug;
		};
		FA8F397620BB759E007CAC55 /* Release */ = {
			isa = XCBuildConfiguration;
			buildSettings = {
				ALWAYS_SEARCH_USER_PATHS = NO;
				CLANG_ANALYZER_NONNULL = YES;
				CLANG_ANALYZER_NUMBER_OBJECT_CONVERSION = YES_AGGRESSIVE;
				CLANG_CXX_LANGUAGE_STANDARD = "gnu++14";
				CLANG_CXX_LIBRARY = "libc++";
				CLANG_ENABLE_MODULES = YES;
				CLANG_ENABLE_OBJC_ARC = YES;
				CLANG_ENABLE_OBJC_WEAK = YES;
				CLANG_WARN_BLOCK_CAPTURE_AUTORELEASING = YES;
				CLANG_WARN_BOOL_CONVERSION = YES;
				CLANG_WARN_COMMA = YES;
				CLANG_WARN_CONSTANT_CONVERSION = YES;
				CLANG_WARN_DEPRECATED_OBJC_IMPLEMENTATIONS = YES;
				CLANG_WARN_DIRECT_OBJC_ISA_USAGE = YES_ERROR;
				CLANG_WARN_DOCUMENTATION_COMMENTS = YES;
				CLANG_WARN_EMPTY_BODY = YES;
				CLANG_WARN_ENUM_CONVERSION = YES;
				CLANG_WARN_INFINITE_RECURSION = YES;
				CLANG_WARN_INT_CONVERSION = YES;
				CLANG_WARN_NON_LITERAL_NULL_CONVERSION = YES;
				CLANG_WARN_OBJC_IMPLICIT_RETAIN_SELF = YES;
				CLANG_WARN_OBJC_LITERAL_CONVERSION = YES;
				CLANG_WARN_OBJC_ROOT_CLASS = YES_ERROR;
				CLANG_WARN_RANGE_LOOP_ANALYSIS = YES;
				CLANG_WARN_STRICT_PROTOTYPES = YES;
				CLANG_WARN_SUSPICIOUS_MOVE = YES;
				CLANG_WARN_UNGUARDED_AVAILABILITY = YES_AGGRESSIVE;
				CLANG_WARN_UNREACHABLE_CODE = YES;
				CLANG_WARN__DUPLICATE_METHOD_MATCH = YES;
				CODE_SIGN_IDENTITY = "-";
				COPY_PHASE_STRIP = NO;
				DEBUG_INFORMATION_FORMAT = "dwarf-with-dsym";
				ENABLE_NS_ASSERTIONS = NO;
				ENABLE_STRICT_OBJC_MSGSEND = YES;
				GCC_C_LANGUAGE_STANDARD = gnu11;
				GCC_NO_COMMON_BLOCKS = YES;
				GCC_WARN_64_TO_32_BIT_CONVERSION = YES;
				GCC_WARN_ABOUT_RETURN_TYPE = YES_ERROR;
				GCC_WARN_UNDECLARED_SELECTOR = YES;
				GCC_WARN_UNINITIALIZED_AUTOS = YES_AGGRESSIVE;
				GCC_WARN_UNUSED_FUNCTION = YES;
				GCC_WARN_UNUSED_VARIABLE = YES;
				MACOSX_DEPLOYMENT_TARGET = 10.13;
				MTL_ENABLE_DEBUG_INFO = NO;
				SDKROOT = macosx;
			};
			name = Release;
		};
		FA8F397820BB759E007CAC55 /* Debug */ = {
			isa = XCBuildConfiguration;
			baseConfigurationReference = B1F1C7AE92712433422E2C18 /* Pods-BetteReddit.debug.xcconfig */;
			buildSettings = {
				ASSETCATALOG_COMPILER_APPICON_NAME = AppIcon;
				CODE_SIGN_ENTITLEMENTS = BetteReddit/BetteReddit.entitlements;
				CODE_SIGN_IDENTITY = "Mac Developer";
				CODE_SIGN_STYLE = Automatic;
				COMBINE_HIDPI_IMAGES = YES;
				DEVELOPMENT_TEAM = S4JEZRL8YY;
				INFOPLIST_FILE = BetteReddit/Info.plist;
				LD_RUNPATH_SEARCH_PATHS = (
					"$(inherited)",
					"@executable_path/../Frameworks",
				);
				PRODUCT_BUNDLE_IDENTIFIER = alextaffe.BetteReddit;
				PRODUCT_NAME = "$(TARGET_NAME)";
				PROVISIONING_PROFILE_SPECIFIER = "";
			};
			name = Debug;
		};
		FA8F397920BB759E007CAC55 /* Release */ = {
			isa = XCBuildConfiguration;
			baseConfigurationReference = B45EE7449698409BFF8E89FB /* Pods-BetteReddit.release.xcconfig */;
			buildSettings = {
				ASSETCATALOG_COMPILER_APPICON_NAME = AppIcon;
				CODE_SIGN_ENTITLEMENTS = BetteReddit/BetteReddit.entitlements;
				CODE_SIGN_IDENTITY = "Mac Developer";
				CODE_SIGN_STYLE = Automatic;
				COMBINE_HIDPI_IMAGES = YES;
				DEVELOPMENT_TEAM = S4JEZRL8YY;
				INFOPLIST_FILE = BetteReddit/Info.plist;
				LD_RUNPATH_SEARCH_PATHS = (
					"$(inherited)",
					"@executable_path/../Frameworks",
				);
				PRODUCT_BUNDLE_IDENTIFIER = alextaffe.BetteReddit;
				PRODUCT_NAME = "$(TARGET_NAME)";
				PROVISIONING_PROFILE_SPECIFIER = "";
			};
			name = Release;
		};
		FA8F397B20BB759E007CAC55 /* Debug */ = {
			isa = XCBuildConfiguration;
			buildSettings = {
				BUNDLE_LOADER = "$(TEST_HOST)";
				CODE_SIGN_STYLE = Automatic;
				COMBINE_HIDPI_IMAGES = YES;
				INFOPLIST_FILE = BetteRedditTests/Info.plist;
				LD_RUNPATH_SEARCH_PATHS = (
					"$(inherited)",
					"@executable_path/../Frameworks",
					"@loader_path/../Frameworks",
				);
				PRODUCT_BUNDLE_IDENTIFIER = alextaffe.BetteRedditTests;
				PRODUCT_NAME = "$(TARGET_NAME)";
				TEST_HOST = "$(BUILT_PRODUCTS_DIR)/BetteReddit.app/Contents/MacOS/BetteReddit";
			};
			name = Debug;
		};
		FA8F397C20BB759E007CAC55 /* Release */ = {
			isa = XCBuildConfiguration;
			buildSettings = {
				BUNDLE_LOADER = "$(TEST_HOST)";
				CODE_SIGN_STYLE = Automatic;
				COMBINE_HIDPI_IMAGES = YES;
				INFOPLIST_FILE = BetteRedditTests/Info.plist;
				LD_RUNPATH_SEARCH_PATHS = (
					"$(inherited)",
					"@executable_path/../Frameworks",
					"@loader_path/../Frameworks",
				);
				PRODUCT_BUNDLE_IDENTIFIER = alextaffe.BetteRedditTests;
				PRODUCT_NAME = "$(TARGET_NAME)";
				TEST_HOST = "$(BUILT_PRODUCTS_DIR)/BetteReddit.app/Contents/MacOS/BetteReddit";
			};
			name = Release;
		};
		FA8F397E20BB759E007CAC55 /* Debug */ = {
			isa = XCBuildConfiguration;
			buildSettings = {
				CODE_SIGN_STYLE = Automatic;
				COMBINE_HIDPI_IMAGES = YES;
				INFOPLIST_FILE = BetteRedditUITests/Info.plist;
				LD_RUNPATH_SEARCH_PATHS = (
					"$(inherited)",
					"@executable_path/../Frameworks",
					"@loader_path/../Frameworks",
				);
				PRODUCT_BUNDLE_IDENTIFIER = alextaffe.BetteRedditUITests;
				PRODUCT_NAME = "$(TARGET_NAME)";
				TEST_TARGET_NAME = BetteReddit;
			};
			name = Debug;
		};
		FA8F397F20BB759E007CAC55 /* Release */ = {
			isa = XCBuildConfiguration;
			buildSettings = {
				CODE_SIGN_STYLE = Automatic;
				COMBINE_HIDPI_IMAGES = YES;
				INFOPLIST_FILE = BetteRedditUITests/Info.plist;
				LD_RUNPATH_SEARCH_PATHS = (
					"$(inherited)",
					"@executable_path/../Frameworks",
					"@loader_path/../Frameworks",
				);
				PRODUCT_BUNDLE_IDENTIFIER = alextaffe.BetteRedditUITests;
				PRODUCT_NAME = "$(TARGET_NAME)";
				TEST_TARGET_NAME = BetteReddit;
			};
			name = Release;
		};
/* End XCBuildConfiguration section */

/* Begin XCConfigurationList section */
		FA8F394520BB759C007CAC55 /* Build configuration list for PBXProject "BetteReddit" */ = {
			isa = XCConfigurationList;
			buildConfigurations = (
				FA8F397520BB759E007CAC55 /* Debug */,
				FA8F397620BB759E007CAC55 /* Release */,
			);
			defaultConfigurationIsVisible = 0;
			defaultConfigurationName = Release;
		};
		FA8F397720BB759E007CAC55 /* Build configuration list for PBXNativeTarget "BetteReddit" */ = {
			isa = XCConfigurationList;
			buildConfigurations = (
				FA8F397820BB759E007CAC55 /* Debug */,
				FA8F397920BB759E007CAC55 /* Release */,
			);
			defaultConfigurationIsVisible = 0;
			defaultConfigurationName = Release;
		};
		FA8F397A20BB759E007CAC55 /* Build configuration list for PBXNativeTarget "BetteRedditTests" */ = {
			isa = XCConfigurationList;
			buildConfigurations = (
				FA8F397B20BB759E007CAC55 /* Debug */,
				FA8F397C20BB759E007CAC55 /* Release */,
			);
			defaultConfigurationIsVisible = 0;
			defaultConfigurationName = Release;
		};
		FA8F397D20BB759E007CAC55 /* Build configuration list for PBXNativeTarget "BetteRedditUITests" */ = {
			isa = XCConfigurationList;
			buildConfigurations = (
				FA8F397E20BB759E007CAC55 /* Debug */,
				FA8F397F20BB759E007CAC55 /* Release */,
			);
			defaultConfigurationIsVisible = 0;
			defaultConfigurationName = Release;
		};
/* End XCConfigurationList section */

/* Begin XCVersionGroup section */
		FA8F395320BB759C007CAC55 /* BetteReddit.xcdatamodeld */ = {
			isa = XCVersionGroup;
			children = (
				FA8F395420BB759C007CAC55 /* BetteReddit.xcdatamodel */,
			);
			currentVersion = FA8F395420BB759C007CAC55 /* BetteReddit.xcdatamodel */;
			path = BetteReddit.xcdatamodeld;
			sourceTree = "<group>";
			versionGroupType = wrapper.xcdatamodel;
		};
/* End XCVersionGroup section */
	};
	rootObject = FA8F394220BB759C007CAC55 /* Project object */;
}
